# This file was autogenerated by Stack.
# You should not edit this file by hand.
# For more information, please see the documentation at:
#   https://docs.haskellstack.org/en/stable/lock_files

packages:
- completed:
    hackage: acc-0.1.3@sha256:8c63dda349e4b37bb8de1977bc35db05d77c34fa85becb09dcb7e29bc00d52f9,3806
    pantry-tree:
      size: 499
      sha256: fef5cfe3383d092f512a28f6031f9bd532763e1e66e7d0ae8be182cd6b4880fd
  original:
    hackage: acc-0.1.3
- completed:
    hackage: attoparsec-data-1.0.5.2@sha256:b7a74c47d7758ccbc3b1ebe909996d2075e46c9a9b99f91e3163bf546ff8c6e5,1542
    pantry-tree:
      size: 527
      sha256: 92f309f53e2ba6c715bed19a950b4ff23ea0f2b61b26afebfc93579aec312921
  original:
    hackage: attoparsec-data-1.0.5.2
- completed:
    hackage: attoparsec-time-1.0.1.2@sha256:4b2e24e2ecf1787561428c2ef666a7f2f3e63cd190412afc8ad96176f303ba5f,1633
    pantry-tree:
      size: 535
      sha256: 9502c502910cebc271a7dc30b6b4c9684ad245594c1bc76e9da3d4dcfa59b499
  original:
    hackage: attoparsec-time-1.0.1.2
- completed:
    hackage: domain-core-0.1@sha256:1e7610f229157f097eb1a89b10dfbc893d0ac0780f738d646649ff1fdc495a36,1710
    pantry-tree:
      size: 493
      sha256: 9d07e6e84db4d70c297f855e7776b8e04b6bb7586e1f535c0dc6a62ca46acacb
  original:
    hackage: domain-core-0.1
- completed:
    hackage: th-lego-0.2.3@sha256:54f9abc6b0133868b7d3198c83755aa7c035449aa88b545111d1fe8c1093a669,2777
    pantry-tree:
      size: 471
      sha256: 59b8d924ea7dd5675a2c609d1c8e7de62544876595576efd22db1734bc914649
  original:
    hackage: th-lego-0.2.3
- completed:
    hackage: yaml-unscrambler-0.1.0.3@sha256:4d4aa2dd5ab1bb4e4dbf9ba260e2ef690a849659596bd32205ef2ae99fb7766d,3564
    pantry-tree:
      size: 1363
      sha256: 64c68fc285fedd4c54159960a58b040b1dece2ca23e6c2174c7089fa2dd6b149
  original:
    hackage: yaml-unscrambler-0.1.0.3
- completed:
    hackage: template-haskell-compat-v0208-0.1.6@sha256:f6ede586642947f925f04876ca082b1d113fd74a3fac458b88b29fcf01ac1068,1522
    pantry-tree:
      size: 341
      sha256: 35a6fabd7701f2bb4b8820b8a4dffc0a3122d9c6161a5acf94ce38b5e53f17c1
  original:
    hackage: template-haskell-compat-v0208-0.1.6
snapshots:
- completed:
    size: 524750
    url: https://raw.githubusercontent.com/commercialhaskell/stackage-snapshots/master/nightly/2021/6/24.yaml
    sha256: c8e830e08daf4ff0278dec8c838a15f1a59c98c1d9f3467deda7ac68ad73dfc4
  original: nightly-2021-06-24
